
Microsoft Visual Studio Solution File, Format Version 12.00
# Visual Studio Version 16
VisualStudioVersion = 16.0.29613.14
MinimumVisualStudioVersion = 10.0.40219.1
Project("{FAE04EC0-301F-11D3-BF4B-00C04F79EFBC}") = "RSNAP", "RSNAP\RSNAP.csproj", "{CAEB3BA9-62ED-4E40-96A0-602101BCA999}"
EndProject
Global
	GlobalSection(SolutionConfigurationPlatforms) = preSolution
		Debug|Any CPU = Debug|Any CPU
		Release|Any CPU = Release|Any CPU
	EndGlobalSection
	GlobalSection(ProjectConfigurationPlatforms) = postSolution
		{CAEB3BA9-62ED-4E40-96A0-602101BCA999}.Debug|Any CPU.ActiveCfg = Debug|Any CPU
		{CAEB3BA9-62ED-4E40-96A0-602101BCA999}.Debug|Any CPU.Build.0 = Debug|Any CPU
		{CAEB3BA9-62ED-4E40-96A0-602101BCA999}.Release|Any CPU.ActiveCfg = Release|Any CPU
		{CAEB3BA9-62ED-4E40-96A0-602101BCA999}.Release|Any CPU.Build.0 = Release|Any CPU
	EndGlobalSection
	GlobalSection(SolutionProperties) = preSolution
		HideSolutionNode = FALSE
	EndGlobalSection
	GlobalSection(ExtensibilityGlobals) = postSolution
		SolutionGuid = {2B840EC6-F776-4BB8-9F32-BA87EC587D68}
	EndGlobalSection
EndGlobal
